
Microsoft Visual Studio Solution File, Format Version 12.00
# Visual Studio Version 17
VisualStudioVersion = 17.0.31912.275
MinimumVisualStudioVersion = 10.0.40219.1
Project("{FAE04EC0-301F-11D3-BF4B-00C04F79EFBC}") = "lab11", "lab11\lab11.csproj", "{0BFBF396-8E3D-400C-BA7A-16EB584E664A}"
EndProject
Project("{FAE04EC0-301F-11D3-BF4B-00C04F79EFBC}") = "StructCat", "StructCat\StructCat.csproj", "{F2434AE0-7B0F-4045-B21F-480DE470EBDD}"
EndProject
Project("{FAE04EC0-301F-11D3-BF4B-00C04F79EFBC}") = "lab11zadacha", "lab11zadacha\lab11zadacha.csproj", "{2F674DEB-D068-4133-BF0B-19C15CE612BC}"
EndProject
Global
	GlobalSection(SolutionConfigurationPlatforms) = preSolution
		Debug|Any CPU = Debug|Any CPU
		Release|Any CPU = Release|Any CPU
	EndGlobalSection
	GlobalSection(ProjectConfigurationPlatforms) = postSolution
		{0BFBF396-8E3D-400C-BA7A-16EB584E664A}.Debug|Any CPU.ActiveCfg = Debug|Any CPU
		{0BFBF396-8E3D-400C-BA7A-16EB584E664A}.Debug|Any CPU.Build.0 = Debug|Any CPU
		{0BFBF396-8E3D-400C-BA7A-16EB584E664A}.Release|Any CPU.ActiveCfg = Release|Any CPU
		{0BFBF396-8E3D-400C-BA7A-16EB584E664A}.Release|Any CPU.Build.0 = Release|Any CPU
		{F2434AE0-7B0F-4045-B21F-480DE470EBDD}.Debug|Any CPU.ActiveCfg = Debug|Any CPU
		{F2434AE0-7B0F-4045-B21F-480DE470EBDD}.Debug|Any CPU.Build.0 = Debug|Any CPU
		{F2434AE0-7B0F-4045-B21F-480DE470EBDD}.Release|Any CPU.ActiveCfg = Release|Any CPU
		{F2434AE0-7B0F-4045-B21F-480DE470EBDD}.Release|Any CPU.Build.0 = Release|Any CPU
		{2F674DEB-D068-4133-BF0B-19C15CE612BC}.Debug|Any CPU.ActiveCfg = Debug|Any CPU
		{2F674DEB-D068-4133-BF0B-19C15CE612BC}.Debug|Any CPU.Build.0 = Debug|Any CPU
		{2F674DEB-D068-4133-BF0B-19C15CE612BC}.Release|Any CPU.ActiveCfg = Release|Any CPU
		{2F674DEB-D068-4133-BF0B-19C15CE612BC}.Release|Any CPU.Build.0 = Release|Any CPU
	EndGlobalSection
	GlobalSection(SolutionProperties) = preSolution
		HideSolutionNode = FALSE
	EndGlobalSection
	GlobalSection(ExtensibilityGlobals) = postSolution
		SolutionGuid = {3A2E4FD2-DE24-4425-8E04-0B39D0446095}
	EndGlobalSection
EndGlobal
